
Microsoft Visual Studio Solution File, Format Version 12.00
# Visual Studio Version 17
VisualStudioVersion = 17.11.35303.130
MinimumVisualStudioVersion = 10.0.40219.1
Project("{8BC9CEB8-8B4A-11D0-8D11-00A0C91BC942}") = "Lab_08.2", "Lab_08.2\Lab_08.2.vcxproj", "{CF040D20-1F87-4329-92D9-5D11F3CB0052}"
EndProject
Project("{8BC9CEB8-8B4A-11D0-8D11-00A0C91BC942}") = "UnitTest82", "UnitTest82\UnitTest82.vcxproj", "{777817D9-98C6-425B-8373-0052D30F100C}"
EndProject
Global
	GlobalSection(SolutionConfigurationPlatforms) = preSolution
		Debug|x64 = Debug|x64
		Debug|x86 = Debug|x86
		Release|x64 = Release|x64
		Release|x86 = Release|x86
	EndGlobalSection
	GlobalSection(ProjectConfigurationPlatforms) = postSolution
		{CF040D20-1F87-4329-92D9-5D11F3CB0052}.Debug|x64.ActiveCfg = Debug|x64
		{CF040D20-1F87-4329-92D9-5D11F3CB0052}.Debug|x64.Build.0 = Debug|x64
		{CF040D20-1F87-4329-92D9-5D11F3CB0052}.Debug|x86.ActiveCfg = Debug|Win32
		{CF040D20-1F87-4329-92D9-5D11F3CB0052}.Debug|x86.Build.0 = Debug|Win32
		{CF040D20-1F87-4329-92D9-5D11F3CB0052}.Release|x64.ActiveCfg = Release|x64
		{CF040D20-1F87-4329-92D9-5D11F3CB0052}.Release|x64.Build.0 = Release|x64
		{CF040D20-1F87-4329-92D9-5D11F3CB0052}.Release|x86.ActiveCfg = Release|Win32
		{CF040D20-1F87-4329-92D9-5D11F3CB0052}.Release|x86.Build.0 = Release|Win32
		{777817D9-98C6-425B-8373-0052D30F100C}.Debug|x64.ActiveCfg = Debug|x64
		{777817D9-98C6-425B-8373-0052D30F100C}.Debug|x64.Build.0 = Debug|x64
		{777817D9-98C6-425B-8373-0052D30F100C}.Debug|x86.ActiveCfg = Debug|Win32
		{777817D9-98C6-425B-8373-0052D30F100C}.Debug|x86.Build.0 = Debug|Win32
		{777817D9-98C6-425B-8373-0052D30F100C}.Release|x64.ActiveCfg = Release|x64
		{777817D9-98C6-425B-8373-0052D30F100C}.Release|x64.Build.0 = Release|x64
		{777817D9-98C6-425B-8373-0052D30F100C}.Release|x86.ActiveCfg = Release|Win32
		{777817D9-98C6-425B-8373-0052D30F100C}.Release|x86.Build.0 = Release|Win32
	EndGlobalSection
	GlobalSection(SolutionProperties) = preSolution
		HideSolutionNode = FALSE
	EndGlobalSection
	GlobalSection(ExtensibilityGlobals) = postSolution
		SolutionGuid = {FE942248-9D29-497D-AA5D-DBC47DE47438}
	EndGlobalSection
EndGlobal
